# THIS IS AN AUTOGENERATED FILE. DO NOT EDIT THIS FILE DIRECTLY.
# yarn lockfile v1


"@types/faker@^4.1.5":
  version "4.1.5"
  resolved "https://registry.yarnpkg.com/@types/faker/-/faker-4.1.5.tgz#8f620f9c9a67150aa0a32b4e8a407da43fca61d4"

"@types/googlemaps@^3.37.4":
  version "3.37.4"
  resolved "https://registry.yarnpkg.com/@types/googlemaps/-/googlemaps-3.37.4.tgz#d9e2fd55c8c24a9ba8fbef7ab3de48893c48f551"

ag-grid-community@^21.2.0:
  version "21.2.0"
  resolved "https://registry.yarnpkg.com/ag-grid-community/-/ag-grid-community-21.2.0.tgz#82413e0b05a9efa8fde17497baf08b78f73a340e"

ag-grid-react@^21.2.0:
  version "21.2.0"
  resolved "https://registry.yarnpkg.com/ag-grid-react/-/ag-grid-react-21.2.0.tgz#760cc98a3513c21c9331bb8e131e1a60e6314602"
  dependencies:
    prop-types "^15.6.2"

chart.js@^2.8.0:
  version "2.8.0"
  resolved "https://registry.yarnpkg.com/chart.js/-/chart.js-2.8.0.tgz#b703b10d0f4ec5079eaefdcd6ca32dc8f826e0e9"
  dependencies:
    chartjs-color "^2.1.0"
    moment "^2.10.2"

chartjs-color-string@^0.6.0:
  version "0.6.0"
  resolved "https://registry.yarnpkg.com/chartjs-color-string/-/chartjs-color-string-0.6.0.tgz#1df096621c0e70720a64f4135ea171d051402f71"
  dependencies:
    color-name "^1.0.0"

chartjs-color@^2.1.0:
  version "2.3.0"
  resolved "https://registry.yarnpkg.com/chartjs-color/-/chartjs-color-2.3.0.tgz#0e7e1e8dba37eae8415fd3db38bf572007dd958f"
  dependencies:
    chartjs-color-string "^0.6.0"
    color-convert "^0.5.3"

chartjs-plugin-datalabels@^0.6.0:
  version "0.6.0"
  resolved "https://registry.yarnpkg.com/chartjs-plugin-datalabels/-/chartjs-plugin-datalabels-0.6.0.tgz#cbbb4a3429c9fdfa88b974d46b5363b2d095f339"

color-convert@^0.5.3:
  version "0.5.3"
  resolved "https://registry.yarnpkg.com/color-convert/-/color-convert-0.5.3.tgz#bdb6c69ce660fadffe0b0007cc447e1b9f7282bd"

color-name@^1.0.0:
  version "1.1.4"
  resolved "https://registry.yarnpkg.com/color-name/-/color-name-1.1.4.tgz#c2a09a87acbde69543de6f63fa3995c826c536a2"

faker@^4.1.0:
  version "4.1.0"
  resolved "https://registry.yarnpkg.com/faker/-/faker-4.1.0.tgz#1e45bbbecc6774b3c195fad2835109c6d748cc3f"

"js-tokens@^3.0.0 || ^4.0.0":
  version "4.0.0"
  resolved "https://registry.yarnpkg.com/js-tokens/-/js-tokens-4.0.0.tgz#19203fb59991df98e3a287050d4647cdeaf32499"

loose-envify@^1.4.0:
  version "1.4.0"
  resolved "https://registry.yarnpkg.com/loose-envify/-/loose-envify-1.4.0.tgz#71ee51fa7be4caec1a63839f7e682d8132d30caf"
  dependencies:
    js-tokens "^3.0.0 || ^4.0.0"

moment@^2.10.2:
  version "2.24.0"
  resolved "https://registry.yarnpkg.com/moment/-/moment-2.24.0.tgz#0d055d53f5052aa653c9f6eb68bb5d12bf5c2b5b"

object-assign@^4.1.1:
  version "4.1.1"
  resolved "https://registry.yarnpkg.com/object-assign/-/object-assign-4.1.1.tgz#2109adc7965887cfc05cbbd442cac8bfbb360863"

prop-types@^15.6.2:
  version "15.7.2"
  resolved "https://registry.yarnpkg.com/prop-types/-/prop-types-15.7.2.tgz#52c41e75b8c87e72b9d9360e0206b99dcbffa6c5"
  dependencies:
    loose-envify "^1.4.0"
    object-assign "^4.1.1"
    react-is "^16.8.1"

react-is@^16.8.1:
  version "16.9.0"
  resolved "https://registry.yarnpkg.com/react-is/-/react-is-16.9.0.tgz#21ca9561399aad0ff1a7701c01683e8ca981edcb"

typescript@^3.5.3:
  version "3.5.3"
  resolved "https://registry.yarnpkg.com/typescript/-/typescript-3.5.3.tgz#c830f657f93f1ea846819e929092f5fe5983e977"
